
Microsoft Visual Studio Solution File, Format Version 12.00
# Visual Studio Version 16
VisualStudioVersion = 16.0.30114.105
MinimumVisualStudioVersion = 10.0.40219.1
Project("{2150E333-8FDC-42A3-9474-1A3956D46DE8}") = "shared", "shared", "{4F0DFBF7-A73F-4EFB-81D6-F3116FD2216E}"
EndProject
Project("{9A19103F-16F7-4668-BE54-9A1E7A4F7556}") = "Shared.Identity", "Shared.Identity\Shared.Identity.csproj", "{FF9566E1-4F0B-4267-B697-F2915518C1CF}"
EndProject
Project("{9A19103F-16F7-4668-BE54-9A1E7A4F7556}") = "Shared.Roles", "Shared.Roles\Shared.Roles.csproj", "{7DBD5B2D-D35E-455C-9414-94AFE35E96BA}"
EndProject
Project("{9A19103F-16F7-4668-BE54-9A1E7A4F7556}") = "Identity", "Identity\Identity.csproj", "{6E461ADD-86B0-434E-851F-9A6144543F63}"
EndProject
Project("{2150E333-8FDC-42A3-9474-1A3956D46DE8}") = "user", "user", "{86E655A3-C816-49CA-85B1-ACBEB03B4B1E}"
EndProject
Project("{FAE04EC0-301F-11D3-BF4B-00C04F79EFBC}") = "User.Api", "User.Api\User.Api.csproj", "{37C5DE68-6850-43CD-ADA0-47FEAA03DEA6}"
EndProject
Project("{FAE04EC0-301F-11D3-BF4B-00C04F79EFBC}") = "Shared.Common", "Shared.Common\Shared.Common.csproj", "{B9D1F43B-D599-4DDB-AE87-CD96F03FBCA8}"
EndProject
Global
	GlobalSection(SolutionConfigurationPlatforms) = preSolution
		Debug|Any CPU = Debug|Any CPU
		Release|Any CPU = Release|Any CPU
	EndGlobalSection
	GlobalSection(ProjectConfigurationPlatforms) = postSolution
		{FF9566E1-4F0B-4267-B697-F2915518C1CF}.Debug|Any CPU.ActiveCfg = Debug|Any CPU
		{FF9566E1-4F0B-4267-B697-F2915518C1CF}.Debug|Any CPU.Build.0 = Debug|Any CPU
		{FF9566E1-4F0B-4267-B697-F2915518C1CF}.Release|Any CPU.ActiveCfg = Release|Any CPU
		{FF9566E1-4F0B-4267-B697-F2915518C1CF}.Release|Any CPU.Build.0 = Release|Any CPU
		{7DBD5B2D-D35E-455C-9414-94AFE35E96BA}.Debug|Any CPU.ActiveCfg = Debug|Any CPU
		{7DBD5B2D-D35E-455C-9414-94AFE35E96BA}.Debug|Any CPU.Build.0 = Debug|Any CPU
		{7DBD5B2D-D35E-455C-9414-94AFE35E96BA}.Release|Any CPU.ActiveCfg = Release|Any CPU
		{7DBD5B2D-D35E-455C-9414-94AFE35E96BA}.Release|Any CPU.Build.0 = Release|Any CPU
		{6E461ADD-86B0-434E-851F-9A6144543F63}.Debug|Any CPU.ActiveCfg = Debug|Any CPU
		{6E461ADD-86B0-434E-851F-9A6144543F63}.Debug|Any CPU.Build.0 = Debug|Any CPU
		{6E461ADD-86B0-434E-851F-9A6144543F63}.Release|Any CPU.ActiveCfg = Release|Any CPU
		{6E461ADD-86B0-434E-851F-9A6144543F63}.Release|Any CPU.Build.0 = Release|Any CPU
		{37C5DE68-6850-43CD-ADA0-47FEAA03DEA6}.Debug|Any CPU.ActiveCfg = Debug|Any CPU
		{37C5DE68-6850-43CD-ADA0-47FEAA03DEA6}.Debug|Any CPU.Build.0 = Debug|Any CPU
		{37C5DE68-6850-43CD-ADA0-47FEAA03DEA6}.Release|Any CPU.ActiveCfg = Release|Any CPU
		{37C5DE68-6850-43CD-ADA0-47FEAA03DEA6}.Release|Any CPU.Build.0 = Release|Any CPU
		{B9D1F43B-D599-4DDB-AE87-CD96F03FBCA8}.Debug|Any CPU.ActiveCfg = Debug|Any CPU
		{B9D1F43B-D599-4DDB-AE87-CD96F03FBCA8}.Debug|Any CPU.Build.0 = Debug|Any CPU
		{B9D1F43B-D599-4DDB-AE87-CD96F03FBCA8}.Release|Any CPU.ActiveCfg = Release|Any CPU
		{B9D1F43B-D599-4DDB-AE87-CD96F03FBCA8}.Release|Any CPU.Build.0 = Release|Any CPU
	EndGlobalSection
	GlobalSection(SolutionProperties) = preSolution
		HideSolutionNode = FALSE
	EndGlobalSection
	GlobalSection(NestedProjects) = preSolution
		{FF9566E1-4F0B-4267-B697-F2915518C1CF} = {4F0DFBF7-A73F-4EFB-81D6-F3116FD2216E}
		{7DBD5B2D-D35E-455C-9414-94AFE35E96BA} = {4F0DFBF7-A73F-4EFB-81D6-F3116FD2216E}
		{37C5DE68-6850-43CD-ADA0-47FEAA03DEA6} = {86E655A3-C816-49CA-85B1-ACBEB03B4B1E}
		{B9D1F43B-D599-4DDB-AE87-CD96F03FBCA8} = {4F0DFBF7-A73F-4EFB-81D6-F3116FD2216E}
	EndGlobalSection
	GlobalSection(ExtensibilityGlobals) = postSolution
		SolutionGuid = {8902A030-2D69-4ECE-9804-0343B222A1FA}
	EndGlobalSection
EndGlobal
